
Microsoft Visual Studio Solution File, Format Version 12.00
# Visual Studio 15
VisualStudioVersion = 15.0.28010.2041
MinimumVisualStudioVersion = 10.0.40219.1
Project("{FAE04EC0-301F-11D3-BF4B-00C04F79EFBC}") = "Program1", "Program1\Program1.csproj", "{0C700537-EDB5-4D7F-9981-F1EF8B05A1BC}"
EndProject
Project("{FAE04EC0-301F-11D3-BF4B-00C04F79EFBC}") = "Prog2", "Prog2\Prog2.csproj", "{A3BDF729-341C-4FD2-901E-09463B52BA20}"
EndProject
Project("{FAE04EC0-301F-11D3-BF4B-00C04F79EFBC}") = "Lib", "Lib\Lib.csproj", "{3D0E2EA0-BC42-4A7C-BE24-AABAC72C5D4C}"
EndProject
Global
	GlobalSection(SolutionConfigurationPlatforms) = preSolution
		Debug|Any CPU = Debug|Any CPU
		Release|Any CPU = Release|Any CPU
	EndGlobalSection
	GlobalSection(ProjectConfigurationPlatforms) = postSolution
		{0C700537-EDB5-4D7F-9981-F1EF8B05A1BC}.Debug|Any CPU.ActiveCfg = Debug|Any CPU
		{0C700537-EDB5-4D7F-9981-F1EF8B05A1BC}.Debug|Any CPU.Build.0 = Debug|Any CPU
		{0C700537-EDB5-4D7F-9981-F1EF8B05A1BC}.Release|Any CPU.ActiveCfg = Release|Any CPU
		{0C700537-EDB5-4D7F-9981-F1EF8B05A1BC}.Release|Any CPU.Build.0 = Release|Any CPU
		{A3BDF729-341C-4FD2-901E-09463B52BA20}.Debug|Any CPU.ActiveCfg = Debug|Any CPU
		{A3BDF729-341C-4FD2-901E-09463B52BA20}.Debug|Any CPU.Build.0 = Debug|Any CPU
		{A3BDF729-341C-4FD2-901E-09463B52BA20}.Release|Any CPU.ActiveCfg = Release|Any CPU
		{A3BDF729-341C-4FD2-901E-09463B52BA20}.Release|Any CPU.Build.0 = Release|Any CPU
		{3D0E2EA0-BC42-4A7C-BE24-AABAC72C5D4C}.Debug|Any CPU.ActiveCfg = Debug|Any CPU
		{3D0E2EA0-BC42-4A7C-BE24-AABAC72C5D4C}.Debug|Any CPU.Build.0 = Debug|Any CPU
		{3D0E2EA0-BC42-4A7C-BE24-AABAC72C5D4C}.Release|Any CPU.ActiveCfg = Release|Any CPU
		{3D0E2EA0-BC42-4A7C-BE24-AABAC72C5D4C}.Release|Any CPU.Build.0 = Release|Any CPU
	EndGlobalSection
	GlobalSection(SolutionProperties) = preSolution
		HideSolutionNode = FALSE
	EndGlobalSection
	GlobalSection(ExtensibilityGlobals) = postSolution
		SolutionGuid = {26E79813-805A-41A4-BE57-25C867CF9163}
	EndGlobalSection
EndGlobal
