
Microsoft Visual Studio Solution File, Format Version 12.00
# Visual Studio 15
VisualStudioVersion = 15.0.28010.2041
MinimumVisualStudioVersion = 10.0.40219.1
Project("{FAE04EC0-301F-11D3-BF4B-00C04F79EFBC}") = "Startsev_8", "Startsev_8\Startsev_8.csproj", "{14B1E924-70C8-4233-9BF8-951801640CD6}"
EndProject
Project("{FAE04EC0-301F-11D3-BF4B-00C04F79EFBC}") = "Matrix3x3", "Matrix3x3\Matrix3x3.csproj", "{422853A5-C6C9-4F4E-A86C-198687DE1ABC}"
EndProject
Global
	GlobalSection(SolutionConfigurationPlatforms) = preSolution
		Debug|Any CPU = Debug|Any CPU
		Release|Any CPU = Release|Any CPU
	EndGlobalSection
	GlobalSection(ProjectConfigurationPlatforms) = postSolution
		{14B1E924-70C8-4233-9BF8-951801640CD6}.Debug|Any CPU.ActiveCfg = Debug|Any CPU
		{14B1E924-70C8-4233-9BF8-951801640CD6}.Debug|Any CPU.Build.0 = Debug|Any CPU
		{14B1E924-70C8-4233-9BF8-951801640CD6}.Release|Any CPU.ActiveCfg = Release|Any CPU
		{14B1E924-70C8-4233-9BF8-951801640CD6}.Release|Any CPU.Build.0 = Release|Any CPU
		{422853A5-C6C9-4F4E-A86C-198687DE1ABC}.Debug|Any CPU.ActiveCfg = Debug|Any CPU
		{422853A5-C6C9-4F4E-A86C-198687DE1ABC}.Debug|Any CPU.Build.0 = Debug|Any CPU
		{422853A5-C6C9-4F4E-A86C-198687DE1ABC}.Release|Any CPU.ActiveCfg = Release|Any CPU
		{422853A5-C6C9-4F4E-A86C-198687DE1ABC}.Release|Any CPU.Build.0 = Release|Any CPU
	EndGlobalSection
	GlobalSection(SolutionProperties) = preSolution
		HideSolutionNode = FALSE
	EndGlobalSection
	GlobalSection(ExtensibilityGlobals) = postSolution
		SolutionGuid = {995AFA83-9056-4F53-9378-B82E014D598B}
	EndGlobalSection
EndGlobal
