
Microsoft Visual Studio Solution File, Format Version 12.00
# Visual Studio 15
VisualStudioVersion = 15.0.28010.2041
MinimumVisualStudioVersion = 10.0.40219.1
Project("{FAE04EC0-301F-11D3-BF4B-00C04F79EFBC}") = "Startsev_3", "Startsev_3\Startsev_3.csproj", "{D96DA82B-55C1-40D5-BE28-4F70C5EBB802}"
EndProject
Global
	GlobalSection(SolutionConfigurationPlatforms) = preSolution
		Debug|Any CPU = Debug|Any CPU
		Release|Any CPU = Release|Any CPU
	EndGlobalSection
	GlobalSection(ProjectConfigurationPlatforms) = postSolution
		{D96DA82B-55C1-40D5-BE28-4F70C5EBB802}.Debug|Any CPU.ActiveCfg = Debug|Any CPU
		{D96DA82B-55C1-40D5-BE28-4F70C5EBB802}.Debug|Any CPU.Build.0 = Debug|Any CPU
		{D96DA82B-55C1-40D5-BE28-4F70C5EBB802}.Release|Any CPU.ActiveCfg = Release|Any CPU
		{D96DA82B-55C1-40D5-BE28-4F70C5EBB802}.Release|Any CPU.Build.0 = Release|Any CPU
	EndGlobalSection
	GlobalSection(SolutionProperties) = preSolution
		HideSolutionNode = FALSE
	EndGlobalSection
	GlobalSection(ExtensibilityGlobals) = postSolution
		SolutionGuid = {96BD341B-028B-4A12-B04E-24979477D08E}
	EndGlobalSection
EndGlobal
