
Microsoft Visual Studio Solution File, Format Version 12.00
# Visual Studio 15
VisualStudioVersion = 15.0.28010.2041
MinimumVisualStudioVersion = 10.0.40219.1
Project("{FAE04EC0-301F-11D3-BF4B-00C04F79EFBC}") = "T1", "T1\T1.csproj", "{0A7908DE-1FA8-47B5-A5B0-BE23622681CB}"
EndProject
Global
	GlobalSection(SolutionConfigurationPlatforms) = preSolution
		Debug|Any CPU = Debug|Any CPU
		Release|Any CPU = Release|Any CPU
	EndGlobalSection
	GlobalSection(ProjectConfigurationPlatforms) = postSolution
		{0A7908DE-1FA8-47B5-A5B0-BE23622681CB}.Debug|Any CPU.ActiveCfg = Debug|Any CPU
		{0A7908DE-1FA8-47B5-A5B0-BE23622681CB}.Debug|Any CPU.Build.0 = Debug|Any CPU
		{0A7908DE-1FA8-47B5-A5B0-BE23622681CB}.Release|Any CPU.ActiveCfg = Release|Any CPU
		{0A7908DE-1FA8-47B5-A5B0-BE23622681CB}.Release|Any CPU.Build.0 = Release|Any CPU
	EndGlobalSection
	GlobalSection(SolutionProperties) = preSolution
		HideSolutionNode = FALSE
	EndGlobalSection
	GlobalSection(ExtensibilityGlobals) = postSolution
		SolutionGuid = {4A7E17EF-023A-491F-B5CD-12F19AC8A87C}
	EndGlobalSection
EndGlobal
