
Microsoft Visual Studio Solution File, Format Version 12.00
# Visual Studio 15
VisualStudioVersion = 15.0.28010.2041
MinimumVisualStudioVersion = 10.0.40219.1
Project("{FAE04EC0-301F-11D3-BF4B-00C04F79EFBC}") = "T_1", "T_1\T_1.csproj", "{14C0C704-B3C7-4B4E-99CF-F89FB2B5F474}"
EndProject
Global
	GlobalSection(SolutionConfigurationPlatforms) = preSolution
		Debug|Any CPU = Debug|Any CPU
		Release|Any CPU = Release|Any CPU
	EndGlobalSection
	GlobalSection(ProjectConfigurationPlatforms) = postSolution
		{14C0C704-B3C7-4B4E-99CF-F89FB2B5F474}.Debug|Any CPU.ActiveCfg = Debug|Any CPU
		{14C0C704-B3C7-4B4E-99CF-F89FB2B5F474}.Debug|Any CPU.Build.0 = Debug|Any CPU
		{14C0C704-B3C7-4B4E-99CF-F89FB2B5F474}.Release|Any CPU.ActiveCfg = Release|Any CPU
		{14C0C704-B3C7-4B4E-99CF-F89FB2B5F474}.Release|Any CPU.Build.0 = Release|Any CPU
	EndGlobalSection
	GlobalSection(SolutionProperties) = preSolution
		HideSolutionNode = FALSE
	EndGlobalSection
	GlobalSection(ExtensibilityGlobals) = postSolution
		SolutionGuid = {E3A8D571-DC67-4D82-93DB-A98D05F6F272}
	EndGlobalSection
EndGlobal
