
Microsoft Visual Studio Solution File, Format Version 12.00
# Visual Studio 15
VisualStudioVersion = 15.0.28010.2041
MinimumVisualStudioVersion = 10.0.40219.1
Project("{FAE04EC0-301F-11D3-BF4B-00C04F79EFBC}") = "Startsev_4", "Startsev_8\Startsev_4.csproj", "{D7D977DB-B4B8-4961-95C3-F2ACC877B1A3}"
EndProject
Global
	GlobalSection(SolutionConfigurationPlatforms) = preSolution
		Debug|Any CPU = Debug|Any CPU
		Release|Any CPU = Release|Any CPU
	EndGlobalSection
	GlobalSection(ProjectConfigurationPlatforms) = postSolution
		{D7D977DB-B4B8-4961-95C3-F2ACC877B1A3}.Debug|Any CPU.ActiveCfg = Debug|Any CPU
		{D7D977DB-B4B8-4961-95C3-F2ACC877B1A3}.Debug|Any CPU.Build.0 = Debug|Any CPU
		{D7D977DB-B4B8-4961-95C3-F2ACC877B1A3}.Release|Any CPU.ActiveCfg = Release|Any CPU
		{D7D977DB-B4B8-4961-95C3-F2ACC877B1A3}.Release|Any CPU.Build.0 = Release|Any CPU
	EndGlobalSection
	GlobalSection(SolutionProperties) = preSolution
		HideSolutionNode = FALSE
	EndGlobalSection
	GlobalSection(ExtensibilityGlobals) = postSolution
		SolutionGuid = {7D2D6455-9A00-49E8-9619-CB86F383AD22}
	EndGlobalSection
EndGlobal
